
Microsoft Visual Studio Solution File, Format Version 12.00
# Visual Studio Version 16
VisualStudioVersion = 16.0.30114.105
MinimumVisualStudioVersion = 10.0.40219.1
Project("{FAE04EC0-301F-11D3-BF4B-00C04F79EFBC}") = "CodigoExamen", "CodigoExamen\CodigoExamen.csproj", "{3D6CD357-030E-4243-A183-2A2EC61768F6}"
EndProject
Project("{FAE04EC0-301F-11D3-BF4B-00C04F79EFBC}") = "Tests", "Tests\Tests.csproj", "{D6DCBAF5-A020-48B7-94E1-6088F9D89B41}"
EndProject
Global
	GlobalSection(SolutionConfigurationPlatforms) = preSolution
		Debug|Any CPU = Debug|Any CPU
		Release|Any CPU = Release|Any CPU
	EndGlobalSection
	GlobalSection(SolutionProperties) = preSolution
		HideSolutionNode = FALSE
	EndGlobalSection
	GlobalSection(ProjectConfigurationPlatforms) = postSolution
		{3D6CD357-030E-4243-A183-2A2EC61768F6}.Debug|Any CPU.ActiveCfg = Debug|Any CPU
		{3D6CD357-030E-4243-A183-2A2EC61768F6}.Debug|Any CPU.Build.0 = Debug|Any CPU
		{3D6CD357-030E-4243-A183-2A2EC61768F6}.Release|Any CPU.ActiveCfg = Release|Any CPU
		{3D6CD357-030E-4243-A183-2A2EC61768F6}.Release|Any CPU.Build.0 = Release|Any CPU
		{D6DCBAF5-A020-48B7-94E1-6088F9D89B41}.Debug|Any CPU.ActiveCfg = Debug|Any CPU
		{D6DCBAF5-A020-48B7-94E1-6088F9D89B41}.Debug|Any CPU.Build.0 = Debug|Any CPU
		{D6DCBAF5-A020-48B7-94E1-6088F9D89B41}.Release|Any CPU.ActiveCfg = Release|Any CPU
		{D6DCBAF5-A020-48B7-94E1-6088F9D89B41}.Release|Any CPU.Build.0 = Release|Any CPU
	EndGlobalSection
EndGlobal
